
Microsoft Visual Studio Solution File, Format Version 11.00
# Visual Studio 2010
Project("{FAE04EC0-301F-11D3-BF4B-00C04F79EFBC}") = "UnityEngine.TestRunner", "UnityEngine.TestRunner.csproj", "{4d9f5c38-200d-bf26-0b5e-70482f7f85da}"
EndProject
Project("{FAE04EC0-301F-11D3-BF4B-00C04F79EFBC}") = "Unity.VisualScripting.Flow", "Unity.VisualScripting.Flow.csproj", "{858b53c6-42b4-6d0d-70bd-4b4f6faad115}"
EndProject
Project("{FAE04EC0-301F-11D3-BF4B-00C04F79EFBC}") = "Unity.VisualScripting.State", "Unity.VisualScripting.State.csproj", "{7195f707-e407-51bb-5d7d-a4c20d91d3ae}"
EndProject
Project("{FAE04EC0-301F-11D3-BF4B-00C04F79EFBC}") = "UnityEngine.UI", "UnityEngine.UI.csproj", "{a53ac373-31ae-f015-2203-b499251cd660}"
EndProject
Project("{FAE04EC0-301F-11D3-BF4B-00C04F79EFBC}") = "Unity.VisualScripting.Core", "Unity.VisualScripting.Core.csproj", "{2c6f83d5-da7e-2d85-a90a-0c1b0331c21d}"
EndProject
Project("{FAE04EC0-301F-11D3-BF4B-00C04F79EFBC}") = "Unity.TextMeshPro", "Unity.TextMeshPro.csproj", "{fcb3d1c4-553b-a2c5-6418-c4660641ba98}"
EndProject
Project("{FAE04EC0-301F-11D3-BF4B-00C04F79EFBC}") = "Unity.Timeline", "Unity.Timeline.csproj", "{e3cc3ec7-2ac7-d71a-48c4-f7ba4c5a2e44}"
EndProject
Project("{FAE04EC0-301F-11D3-BF4B-00C04F79EFBC}") = "Assembly-CSharp", "Assembly-CSharp.csproj", "{39411e02-4aa0-b885-cb56-491853e305f6}"
EndProject
Project("{FAE04EC0-301F-11D3-BF4B-00C04F79EFBC}") = "Unity.PlasticSCM.Editor", "Unity.PlasticSCM.Editor.csproj", "{b4f3f67d-8e9e-ea44-2198-cf9a7d153c11}"
EndProject
Project("{FAE04EC0-301F-11D3-BF4B-00C04F79EFBC}") = "Unity.VisualScripting.Core.Editor", "Unity.VisualScripting.Core.Editor.csproj", "{46cc6bb8-3264-6fb2-478e-973b69764be1}"
EndProject
Project("{FAE04EC0-301F-11D3-BF4B-00C04F79EFBC}") = "Unity.VisualScripting.Flow.Editor", "Unity.VisualScripting.Flow.Editor.csproj", "{90b699a8-c509-b44d-8599-8f99460bdd4b}"
EndProject
Project("{FAE04EC0-301F-11D3-BF4B-00C04F79EFBC}") = "Unity.VisualStudio.Editor", "Unity.VisualStudio.Editor.csproj", "{d8385541-e17d-3563-fba0-fb063b3b07ee}"
EndProject
Project("{FAE04EC0-301F-11D3-BF4B-00C04F79EFBC}") = "Unity.Timeline.Editor", "Unity.Timeline.Editor.csproj", "{7fdc7a21-aaa9-7ac1-3b7d-66e9b8bbb6ee}"
EndProject
Project("{FAE04EC0-301F-11D3-BF4B-00C04F79EFBC}") = "Unity.VisualScripting.State.Editor", "Unity.VisualScripting.State.Editor.csproj", "{f639ba58-1aad-52d9-4816-26990a509b8c}"
EndProject
Project("{FAE04EC0-301F-11D3-BF4B-00C04F79EFBC}") = "Unity.TextMeshPro.Editor", "Unity.TextMeshPro.Editor.csproj", "{77995b85-d6ec-aeb9-f00c-aa552e7cb4b1}"
EndProject
Project("{FAE04EC0-301F-11D3-BF4B-00C04F79EFBC}") = "Unity.VisualScripting.SettingsProvider.Editor", "Unity.VisualScripting.SettingsProvider.Editor.csproj", "{4217dc80-3a5a-9ac0-fb55-16f21364a966}"
EndProject
Project("{FAE04EC0-301F-11D3-BF4B-00C04F79EFBC}") = "Unity.CollabProxy.Editor", "Unity.CollabProxy.Editor.csproj", "{a8b18416-2574-cd5c-c894-98b98163724a}"
EndProject
Project("{FAE04EC0-301F-11D3-BF4B-00C04F79EFBC}") = "UnityEditor.TestRunner", "UnityEditor.TestRunner.csproj", "{f34a8cc2-7c4f-afdb-2766-581e8ffa5763}"
EndProject
Project("{FAE04EC0-301F-11D3-BF4B-00C04F79EFBC}") = "Unity.Rider.Editor", "Unity.Rider.Editor.csproj", "{34f4ba9f-68c8-ff81-a430-f754818361a8}"
EndProject
Project("{FAE04EC0-301F-11D3-BF4B-00C04F79EFBC}") = "Unity.Services.Core.Editor", "Unity.Services.Core.Editor.csproj", "{30fe6bc9-1714-ca74-7e13-3ae55eeef223}"
EndProject
Project("{FAE04EC0-301F-11D3-BF4B-00C04F79EFBC}") = "Unity.VSCode.Editor", "Unity.VSCode.Editor.csproj", "{3dc6f6ee-921b-2851-4b71-54ad3625e6ba}"
EndProject
Project("{FAE04EC0-301F-11D3-BF4B-00C04F79EFBC}") = "UnityEditor.UI", "UnityEditor.UI.csproj", "{a10d4809-cd51-6933-0412-43c24a90985d}"
EndProject
Project("{FAE04EC0-301F-11D3-BF4B-00C04F79EFBC}") = "Unity.VisualScripting.Shared.Editor", "Unity.VisualScripting.Shared.Editor.csproj", "{59b16253-136f-11cb-b833-514972624e06}"
EndProject
Global
	GlobalSection(SolutionConfigurationPlatforms) = preSolution
		Debug|Any CPU = Debug|Any CPU
	EndGlobalSection
	GlobalSection(ProjectConfigurationPlatforms) = postSolution
		{4d9f5c38-200d-bf26-0b5e-70482f7f85da}.Debug|Any CPU.ActiveCfg = Debug|Any CPU
		{4d9f5c38-200d-bf26-0b5e-70482f7f85da}.Debug|Any CPU.Build.0 = Debug|Any CPU
		{858b53c6-42b4-6d0d-70bd-4b4f6faad115}.Debug|Any CPU.ActiveCfg = Debug|Any CPU
		{858b53c6-42b4-6d0d-70bd-4b4f6faad115}.Debug|Any CPU.Build.0 = Debug|Any CPU
		{7195f707-e407-51bb-5d7d-a4c20d91d3ae}.Debug|Any CPU.ActiveCfg = Debug|Any CPU
		{7195f707-e407-51bb-5d7d-a4c20d91d3ae}.Debug|Any CPU.Build.0 = Debug|Any CPU
		{a53ac373-31ae-f015-2203-b499251cd660}.Debug|Any CPU.ActiveCfg = Debug|Any CPU
		{a53ac373-31ae-f015-2203-b499251cd660}.Debug|Any CPU.Build.0 = Debug|Any CPU
		{2c6f83d5-da7e-2d85-a90a-0c1b0331c21d}.Debug|Any CPU.ActiveCfg = Debug|Any CPU
		{2c6f83d5-da7e-2d85-a90a-0c1b0331c21d}.Debug|Any CPU.Build.0 = Debug|Any CPU
		{fcb3d1c4-553b-a2c5-6418-c4660641ba98}.Debug|Any CPU.ActiveCfg = Debug|Any CPU
		{fcb3d1c4-553b-a2c5-6418-c4660641ba98}.Debug|Any CPU.Build.0 = Debug|Any CPU
		{e3cc3ec7-2ac7-d71a-48c4-f7ba4c5a2e44}.Debug|Any CPU.ActiveCfg = Debug|Any CPU
		{e3cc3ec7-2ac7-d71a-48c4-f7ba4c5a2e44}.Debug|Any CPU.Build.0 = Debug|Any CPU
		{39411e02-4aa0-b885-cb56-491853e305f6}.Debug|Any CPU.ActiveCfg = Debug|Any CPU
		{39411e02-4aa0-b885-cb56-491853e305f6}.Debug|Any CPU.Build.0 = Debug|Any CPU
		{b4f3f67d-8e9e-ea44-2198-cf9a7d153c11}.Debug|Any CPU.ActiveCfg = Debug|Any CPU
		{b4f3f67d-8e9e-ea44-2198-cf9a7d153c11}.Debug|Any CPU.Build.0 = Debug|Any CPU
		{46cc6bb8-3264-6fb2-478e-973b69764be1}.Debug|Any CPU.ActiveCfg = Debug|Any CPU
		{46cc6bb8-3264-6fb2-478e-973b69764be1}.Debug|Any CPU.Build.0 = Debug|Any CPU
		{90b699a8-c509-b44d-8599-8f99460bdd4b}.Debug|Any CPU.ActiveCfg = Debug|Any CPU
		{90b699a8-c509-b44d-8599-8f99460bdd4b}.Debug|Any CPU.Build.0 = Debug|Any CPU
		{d8385541-e17d-3563-fba0-fb063b3b07ee}.Debug|Any CPU.ActiveCfg = Debug|Any CPU
		{d8385541-e17d-3563-fba0-fb063b3b07ee}.Debug|Any CPU.Build.0 = Debug|Any CPU
		{7fdc7a21-aaa9-7ac1-3b7d-66e9b8bbb6ee}.Debug|Any CPU.ActiveCfg = Debug|Any CPU
		{7fdc7a21-aaa9-7ac1-3b7d-66e9b8bbb6ee}.Debug|Any CPU.Build.0 = Debug|Any CPU
		{f639ba58-1aad-52d9-4816-26990a509b8c}.Debug|Any CPU.ActiveCfg = Debug|Any CPU
		{f639ba58-1aad-52d9-4816-26990a509b8c}.Debug|Any CPU.Build.0 = Debug|Any CPU
		{77995b85-d6ec-aeb9-f00c-aa552e7cb4b1}.Debug|Any CPU.ActiveCfg = Debug|Any CPU
		{77995b85-d6ec-aeb9-f00c-aa552e7cb4b1}.Debug|Any CPU.Build.0 = Debug|Any CPU
		{4217dc80-3a5a-9ac0-fb55-16f21364a966}.Debug|Any CPU.ActiveCfg = Debug|Any CPU
		{4217dc80-3a5a-9ac0-fb55-16f21364a966}.Debug|Any CPU.Build.0 = Debug|Any CPU
		{a8b18416-2574-cd5c-c894-98b98163724a}.Debug|Any CPU.ActiveCfg = Debug|Any CPU
		{a8b18416-2574-cd5c-c894-98b98163724a}.Debug|Any CPU.Build.0 = Debug|Any CPU
		{f34a8cc2-7c4f-afdb-2766-581e8ffa5763}.Debug|Any CPU.ActiveCfg = Debug|Any CPU
		{f34a8cc2-7c4f-afdb-2766-581e8ffa5763}.Debug|Any CPU.Build.0 = Debug|Any CPU
		{34f4ba9f-68c8-ff81-a430-f754818361a8}.Debug|Any CPU.ActiveCfg = Debug|Any CPU
		{34f4ba9f-68c8-ff81-a430-f754818361a8}.Debug|Any CPU.Build.0 = Debug|Any CPU
		{30fe6bc9-1714-ca74-7e13-3ae55eeef223}.Debug|Any CPU.ActiveCfg = Debug|Any CPU
		{30fe6bc9-1714-ca74-7e13-3ae55eeef223}.Debug|Any CPU.Build.0 = Debug|Any CPU
		{3dc6f6ee-921b-2851-4b71-54ad3625e6ba}.Debug|Any CPU.ActiveCfg = Debug|Any CPU
		{3dc6f6ee-921b-2851-4b71-54ad3625e6ba}.Debug|Any CPU.Build.0 = Debug|Any CPU
		{a10d4809-cd51-6933-0412-43c24a90985d}.Debug|Any CPU.ActiveCfg = Debug|Any CPU
		{a10d4809-cd51-6933-0412-43c24a90985d}.Debug|Any CPU.Build.0 = Debug|Any CPU
		{59b16253-136f-11cb-b833-514972624e06}.Debug|Any CPU.ActiveCfg = Debug|Any CPU
		{59b16253-136f-11cb-b833-514972624e06}.Debug|Any CPU.Build.0 = Debug|Any CPU
	EndGlobalSection
	GlobalSection(SolutionProperties) = preSolution
		HideSolutionNode = FALSE
	EndGlobalSection
EndGlobal
